// !$*UTF8*$!
{
	archiveVersion = 1;
	classes = {
	};
	objectVersion = 46;
	objects = {

/* Begin PBXBuildFile section */
		010F0C8A1C334D9B0048F0DB /* CDNoteList.xcdatamodeld in Sources */ = {isa = PBXBuildFile; fileRef = 010F0C881C334D9B0048F0DB /* CDNoteList.xcdatamodeld */; };
		010F66441C569EE7006E82A4 /* DataManager.swift in Sources */ = {isa = PBXBuildFile; fileRef = 010F66431C569EE7006E82A4 /* DataManager.swift */; };
		01320C3C1AE694B3001F25A1 /* EmailViewController.swift in Sources */ = {isa = PBXBuildFile; fileRef = 01320C3B1AE694B3001F25A1 /* EmailViewController.swift */; };
		014B09981C2F5837001FE552 /* NotesTableViewController.swift in Sources */ = {isa = PBXBuildFile; fileRef = 014B09971C2F5837001FE552 /* NotesTableViewController.swift */; };
		014B099A1C2F5847001FE552 /* NotesViewController.swift in Sources */ = {isa = PBXBuildFile; fileRef = 014B09991C2F5847001FE552 /* NotesViewController.swift */; };
		014BEC7E1B45D6D6003918BF /* libstdc++.6.dylib in Frameworks */ = {isa = PBXBuildFile; fileRef = 014BEC7D1B45D6D6003918BF /* libstdc++.6.dylib */; };
		014BEC801B45D6E0003918BF /* libsqlite3.dylib in Frameworks */ = {isa = PBXBuildFile; fileRef = 014BEC7F1B45D6E0003918BF /* libsqlite3.dylib */; };
		014BEC821B45D6EE003918BF /* libz.dylib in Frameworks */ = {isa = PBXBuildFile; fileRef = 014BEC811B45D6EE003918BF /* libz.dylib */; };
		014BEC941B45D793003918BF /* AudioToolbox.framework in Frameworks */ = {isa = PBXBuildFile; fileRef = 014BEC851B45D70C003918BF /* AudioToolbox.framework */; };
		014BEC951B45D7A8003918BF /* SystemConfiguration.framework in Frameworks */ = {isa = PBXBuildFile; fileRef = 014BEC831B45D705003918BF /* SystemConfiguration.framework */; };
		015318A91B698FDE00EE8D73 /* 275locationsBend2.png in Resources */ = {isa = PBXBuildFile; fileRef = 015318A81B698FDE00EE8D73 /* 275locationsBend2.png */; };
		018A76DD1A79A588007E624B /* AppDelegate.swift in Sources */ = {isa = PBXBuildFile; fileRef = 018A76DC1A79A588007E624B /* AppDelegate.swift */; };
		018A76E21A79A588007E624B /* Main.storyboard in Resources */ = {isa = PBXBuildFile; fileRef = 018A76E01A79A588007E624B /* Main.storyboard */; };
		018A76E41A79A588007E624B /* Images.xcassets in Resources */ = {isa = PBXBuildFile; fileRef = 018A76E31A79A588007E624B /* Images.xcassets */; };
		018A76E71A79A588007E624B /* LaunchScreen.xib in Resources */ = {isa = PBXBuildFile; fileRef = 018A76E51A79A588007E624B /* LaunchScreen.xib */; };
		018A76F31A79A588007E624B /* SCMC_ICU_medsTests.swift in Sources */ = {isa = PBXBuildFile; fileRef = 018A76F21A79A588007E624B /* SCMC_ICU_medsTests.swift */; };
		01B326191A841A2800FE6D1C /* thickLine@2x.png in Resources */ = {isa = PBXBuildFile; fileRef = 01B326181A841A2800FE6D1C /* thickLine@2x.png */; };
		01C1B3BC1CA9C6D80011FE0E /* Bolts.framework in Frameworks */ = {isa = PBXBuildFile; fileRef = 01C1B3B61CA9C6D80011FE0E /* Bolts.framework */; };
		01C1B3BD1CA9C6D80011FE0E /* Parse.framework in Frameworks */ = {isa = PBXBuildFile; fileRef = 01C1B3B71CA9C6D80011FE0E /* Parse.framework */; };
		01C1B3BE1CA9C6D80011FE0E /* ParseFacebookUtils.framework in Frameworks */ = {isa = PBXBuildFile; fileRef = 01C1B3B81CA9C6D80011FE0E /* ParseFacebookUtils.framework */; };
		01C1B3BF1CA9C6D80011FE0E /* ParseFacebookUtilsV4.framework in Frameworks */ = {isa = PBXBuildFile; fileRef = 01C1B3B91CA9C6D80011FE0E /* ParseFacebookUtilsV4.framework */; };
		01C1B3C11CA9C6D80011FE0E /* ParseUI.framework in Frameworks */ = {isa = PBXBuildFile; fileRef = 01C1B3BB1CA9C6D80011FE0E /* ParseUI.framework */; };
		BD4517281C5EA50C00D83AB8 /* PhoneNumberViewController.swift in Sources */ = {isa = PBXBuildFile; fileRef = BD4517271C5EA50C00D83AB8 /* PhoneNumberViewController.swift */; };
		BD45172A1C5EA70D00D83AB8 /* MedicinesTableViewCell.swift in Sources */ = {isa = PBXBuildFile; fileRef = BD4517291C5EA70D00D83AB8 /* MedicinesTableViewCell.swift */; };
		BD5F654D1B5AE93900CF0FAA /* PFMedicineTableViewController.swift in Sources */ = {isa = PBXBuildFile; fileRef = BD5F654C1B5AE93900CF0FAA /* PFMedicineTableViewController.swift */; };
		BD5F654F1B5AE96100CF0FAA /* PFMedicineViewController.swift in Sources */ = {isa = PBXBuildFile; fileRef = BD5F654E1B5AE96100CF0FAA /* PFMedicineViewController.swift */; };
		BD9DE2F11B4A3C570013BA9A /* PFTableViewController.swift in Sources */ = {isa = PBXBuildFile; fileRef = BD9DE2EF1B4A3C570013BA9A /* PFTableViewController.swift */; };
		BD9DE2F21B4A3C570013BA9A /* PFViewController.swift in Sources */ = {isa = PBXBuildFile; fileRef = BD9DE2F01B4A3C570013BA9A /* PFViewController.swift */; };
		BDA9240A1AD66A1E00917AA2 /* ButtonViewController.swift in Sources */ = {isa = PBXBuildFile; fileRef = BDA924091AD66A1E00917AA2 /* ButtonViewController.swift */; };
/* End PBXBuildFile section */

/* Begin PBXContainerItemProxy section */
		018A76ED1A79A588007E624B /* PBXContainerItemProxy */ = {
			isa = PBXContainerItemProxy;
			containerPortal = 018A76CF1A79A588007E624B /* Project object */;
			proxyType = 1;
			remoteGlobalIDString = 018A76D61A79A588007E624B;
			remoteInfo = "SCMC ICU meds";
		};
/* End PBXContainerItemProxy section */

/* Begin PBXFileReference section */
		010F0C891C334D9B0048F0DB /* CDNoteList.xcdatamodel */ = {isa = PBXFileReference; lastKnownFileType = wrapper.xcdatamodel; path = CDNoteList.xcdatamodel; sourceTree = "<group>"; };
		010F66431C569EE7006E82A4 /* DataManager.swift */ = {isa = PBXFileReference; fileEncoding = 4; lastKnownFileType = sourcecode.swift; name = DataManager.swift; path = ../DataManager.swift; sourceTree = "<group>"; };
		01320C3B1AE694B3001F25A1 /* EmailViewController.swift */ = {isa = PBXFileReference; fileEncoding = 4; lastKnownFileType = sourcecode.swift; path = EmailViewController.swift; sourceTree = "<group>"; };
		014B09971C2F5837001FE552 /* NotesTableViewController.swift */ = {isa = PBXFileReference; fileEncoding = 4; lastKnownFileType = sourcecode.swift; path = NotesTableViewController.swift; sourceTree = "<group>"; };
		014B09991C2F5847001FE552 /* NotesViewController.swift */ = {isa = PBXFileReference; fileEncoding = 4; lastKnownFileType = sourcecode.swift; path = NotesViewController.swift; sourceTree = "<group>"; };
		014BEC7D1B45D6D6003918BF /* libstdc++.6.dylib */ = {isa = PBXFileReference; lastKnownFileType = "compiled.mach-o.dylib"; name = "libstdc++.6.dylib"; path = "usr/lib/libstdc++.6.dylib"; sourceTree = SDKROOT; };
		014BEC7F1B45D6E0003918BF /* libsqlite3.dylib */ = {isa = PBXFileReference; lastKnownFileType = "compiled.mach-o.dylib"; name = libsqlite3.dylib; path = usr/lib/libsqlite3.dylib; sourceTree = SDKROOT; };
		014BEC811B45D6EE003918BF /* libz.dylib */ = {isa = PBXFileReference; lastKnownFileType = "compiled.mach-o.dylib"; name = libz.dylib; path = usr/lib/libz.dylib; sourceTree = SDKROOT; };
		014BEC831B45D705003918BF /* SystemConfiguration.framework */ = {isa = PBXFileReference; lastKnownFileType = wrapper.framework; name = SystemConfiguration.framework; path = System/Library/Frameworks/SystemConfiguration.framework; sourceTree = SDKROOT; };
		014BEC851B45D70C003918BF /* AudioToolbox.framework */ = {isa = PBXFileReference; lastKnownFileType = wrapper.framework; name = AudioToolbox.framework; path = System/Library/Frameworks/AudioToolbox.framework; sourceTree = SDKROOT; };
		014BEC971B45D85B003918BF /* SCMC-ICU-meds-Bridging-Header.h */ = {isa = PBXFileReference; lastKnownFileType = sourcecode.c.h; path = "SCMC-ICU-meds-Bridging-Header.h"; sourceTree = "<group>"; };
		015318A81B698FDE00EE8D73 /* 275locationsBend2.png */ = {isa = PBXFileReference; lastKnownFileType = image.png; path = 275locationsBend2.png; sourceTree = "<group>"; };
		018A76D71A79A588007E624B /* SCMC ICU meds.app */ = {isa = PBXFileReference; explicitFileType = wrapper.application; includeInIndex = 0; path = "SCMC ICU meds.app"; sourceTree = BUILT_PRODUCTS_DIR; };
		018A76DB1A79A588007E624B /* Info.plist */ = {isa = PBXFileReference; lastKnownFileType = text.plist.xml; path = Info.plist; sourceTree = "<group>"; };
		018A76DC1A79A588007E624B /* AppDelegate.swift */ = {isa = PBXFileReference; lastKnownFileType = sourcecode.swift; path = AppDelegate.swift; sourceTree = "<group>"; };
		018A76E11A79A588007E624B /* Base */ = {isa = PBXFileReference; lastKnownFileType = file.storyboard; name = Base; path = Base.lproj/Main.storyboard; sourceTree = "<group>"; };
		018A76E31A79A588007E624B /* Images.xcassets */ = {isa = PBXFileReference; lastKnownFileType = folder.assetcatalog; path = Images.xcassets; sourceTree = "<group>"; };
		018A76E61A79A588007E624B /* Base */ = {isa = PBXFileReference; lastKnownFileType = file.xib; name = Base; path = Base.lproj/LaunchScreen.xib; sourceTree = "<group>"; };
		018A76EC1A79A588007E624B /* SCMC ICU medsTests.xctest */ = {isa = PBXFileReference; explicitFileType = wrapper.cfbundle; includeInIndex = 0; path = "SCMC ICU medsTests.xctest"; sourceTree = BUILT_PRODUCTS_DIR; };
		018A76F11A79A588007E624B /* Info.plist */ = {isa = PBXFileReference; lastKnownFileType = text.plist.xml; path = Info.plist; sourceTree = "<group>"; };
		018A76F21A79A588007E624B /* SCMC_ICU_medsTests.swift */ = {isa = PBXFileReference; lastKnownFileType = sourcecode.swift; path = SCMC_ICU_medsTests.swift; sourceTree = "<group>"; };
		01B326181A841A2800FE6D1C /* thickLine@2x.png */ = {isa = PBXFileReference; lastKnownFileType = image.png; path = "thickLine@2x.png"; sourceTree = "<group>"; };
		01C1B3B61CA9C6D80011FE0E /* Bolts.framework */ = {isa = PBXFileReference; lastKnownFileType = wrapper.framework; path = Bolts.framework; sourceTree = "<group>"; };
		01C1B3B71CA9C6D80011FE0E /* Parse.framework */ = {isa = PBXFileReference; lastKnownFileType = wrapper.framework; path = Parse.framework; sourceTree = "<group>"; };
		01C1B3B81CA9C6D80011FE0E /* ParseFacebookUtils.framework */ = {isa = PBXFileReference; lastKnownFileType = wrapper.framework; path = ParseFacebookUtils.framework; sourceTree = "<group>"; };
		01C1B3B91CA9C6D80011FE0E /* ParseFacebookUtilsV4.framework */ = {isa = PBXFileReference; lastKnownFileType = wrapper.framework; path = ParseFacebookUtilsV4.framework; sourceTree = "<group>"; };
		01C1B3BB1CA9C6D80011FE0E /* ParseUI.framework */ = {isa = PBXFileReference; lastKnownFileType = wrapper.framework; path = ParseUI.framework; sourceTree = "<group>"; };
		BD4517271C5EA50C00D83AB8 /* PhoneNumberViewController.swift */ = {isa = PBXFileReference; fileEncoding = 4; lastKnownFileType = sourcecode.swift; path = PhoneNumberViewController.swift; sourceTree = "<group>"; };
		BD4517291C5EA70D00D83AB8 /* MedicinesTableViewCell.swift */ = {isa = PBXFileReference; fileEncoding = 4; lastKnownFileType = sourcecode.swift; path = MedicinesTableViewCell.swift; sourceTree = "<group>"; };
		BD5F654C1B5AE93900CF0FAA /* PFMedicineTableViewController.swift */ = {isa = PBXFileReference; fileEncoding = 4; lastKnownFileType = sourcecode.swift; path = PFMedicineTableViewController.swift; sourceTree = "<group>"; };
		BD5F654E1B5AE96100CF0FAA /* PFMedicineViewController.swift */ = {isa = PBXFileReference; fileEncoding = 4; lastKnownFileType = sourcecode.swift; path = PFMedicineViewController.swift; sourceTree = "<group>"; };
		BD9DE2EF1B4A3C570013BA9A /* PFTableViewController.swift */ = {isa = PBXFileReference; fileEncoding = 4; lastKnownFileType = sourcecode.swift; name = PFTableViewController.swift; path = ../PFTableViewController.swift; sourceTree = "<group>"; };
		BD9DE2F01B4A3C570013BA9A /* PFViewController.swift */ = {isa = PBXFileReference; fileEncoding = 4; lastKnownFileType = sourcecode.swift; name = PFViewController.swift; path = ../PFViewController.swift; sourceTree = "<group>"; };
		BDA924091AD66A1E00917AA2 /* ButtonViewController.swift */ = {isa = PBXFileReference; fileEncoding = 4; lastKnownFileType = sourcecode.swift; path = ButtonViewController.swift; sourceTree = "<group>"; };
/* End PBXFileReference section */

/* Begin PBXFrameworksBuildPhase section */
		018A76D41A79A588007E624B /* Frameworks */ = {
			isa = PBXFrameworksBuildPhase;
			buildActionMask = 2147483647;
			files = (
				01C1B3C11CA9C6D80011FE0E /* ParseUI.framework in Frameworks */,
				014BEC7E1B45D6D6003918BF /* libstdc++.6.dylib in Frameworks */,
				014BEC801B45D6E0003918BF /* libsqlite3.dylib in Frameworks */,
				014BEC821B45D6EE003918BF /* libz.dylib in Frameworks */,
				01C1B3BD1CA9C6D80011FE0E /* Parse.framework in Frameworks */,
				01C1B3BC1CA9C6D80011FE0E /* Bolts.framework in Frameworks */,
				01C1B3BF1CA9C6D80011FE0E /* ParseFacebookUtilsV4.framework in Frameworks */,
				014BEC951B45D7A8003918BF /* SystemConfiguration.framework in Frameworks */,
				01C1B3BE1CA9C6D80011FE0E /* ParseFacebookUtils.framework in Frameworks */,
				014BEC941B45D793003918BF /* AudioToolbox.framework in Frameworks */,
			);
			runOnlyForDeploymentPostprocessing = 0;
		};
		018A76E91A79A588007E624B /* Frameworks */ = {
			isa = PBXFrameworksBuildPhase;
			buildActionMask = 2147483647;
			files = (
			);
			runOnlyForDeploymentPostprocessing = 0;
		};
/* End PBXFrameworksBuildPhase section */

/* Begin PBXGroup section */
		014BEC871B45D74D003918BF /* frameworks */ = {
			isa = PBXGroup;
			children = (
				01C1B3B61CA9C6D80011FE0E /* Bolts.framework */,
				01C1B3B71CA9C6D80011FE0E /* Parse.framework */,
				01C1B3B81CA9C6D80011FE0E /* ParseFacebookUtils.framework */,
				01C1B3B91CA9C6D80011FE0E /* ParseFacebookUtilsV4.framework */,
				01C1B3BB1CA9C6D80011FE0E /* ParseUI.framework */,
				014BEC851B45D70C003918BF /* AudioToolbox.framework */,
				014BEC831B45D705003918BF /* SystemConfiguration.framework */,
				014BEC811B45D6EE003918BF /* libz.dylib */,
				014BEC7F1B45D6E0003918BF /* libsqlite3.dylib */,
				014BEC7D1B45D6D6003918BF /* libstdc++.6.dylib */,
			);
			name = frameworks;
			path = ..;
			sourceTree = "<group>";
		};
		018A76CE1A79A588007E624B = {
			isa = PBXGroup;
			children = (
				018A76D91A79A588007E624B /* SCMC ICU meds */,
				018A76EF1A79A588007E624B /* SCMC ICU medsTests */,
				018A76D81A79A588007E624B /* Products */,
			);
			sourceTree = "<group>";
		};
		018A76D81A79A588007E624B /* Products */ = {
			isa = PBXGroup;
			children = (
				018A76D71A79A588007E624B /* SCMC ICU meds.app */,
				018A76EC1A79A588007E624B /* SCMC ICU medsTests.xctest */,
			);
			name = Products;
			sourceTree = "<group>";
		};
		018A76D91A79A588007E624B /* SCMC ICU meds */ = {
			isa = PBXGroup;
			children = (
				018A76E01A79A588007E624B /* Main.storyboard */,
				BD4517271C5EA50C00D83AB8 /* PhoneNumberViewController.swift */,
				010F66431C569EE7006E82A4 /* DataManager.swift */,
				BD9DE2EF1B4A3C570013BA9A /* PFTableViewController.swift */,
				BD9DE2F01B4A3C570013BA9A /* PFViewController.swift */,
				BD5F654C1B5AE93900CF0FAA /* PFMedicineTableViewController.swift */,
				BD4517291C5EA70D00D83AB8 /* MedicinesTableViewCell.swift */,
				BD5F654E1B5AE96100CF0FAA /* PFMedicineViewController.swift */,
				014B09971C2F5837001FE552 /* NotesTableViewController.swift */,
				014B09991C2F5847001FE552 /* NotesViewController.swift */,
				018A76DC1A79A588007E624B /* AppDelegate.swift */,
				01320C3B1AE694B3001F25A1 /* EmailViewController.swift */,
				BDA924091AD66A1E00917AA2 /* ButtonViewController.swift */,
				014BEC971B45D85B003918BF /* SCMC-ICU-meds-Bridging-Header.h */,
				010F0C881C334D9B0048F0DB /* CDNoteList.xcdatamodeld */,
				018A76E31A79A588007E624B /* Images.xcassets */,
				01B326181A841A2800FE6D1C /* thickLine@2x.png */,
				018A76E51A79A588007E624B /* LaunchScreen.xib */,
				018A76DA1A79A588007E624B /* Supporting Files */,
			);
			path = "SCMC ICU meds";
			sourceTree = "<group>";
		};
		018A76DA1A79A588007E624B /* Supporting Files */ = {
			isa = PBXGroup;
			children = (
				015318A81B698FDE00EE8D73 /* 275locationsBend2.png */,
				014BEC871B45D74D003918BF /* frameworks */,
				018A76DB1A79A588007E624B /* Info.plist */,
			);
			name = "Supporting Files";
			sourceTree = "<group>";
		};
		018A76EF1A79A588007E624B /* SCMC ICU medsTests */ = {
			isa = PBXGroup;
			children = (
				018A76F21A79A588007E624B /* SCMC_ICU_medsTests.swift */,
				018A76F01A79A588007E624B /* Supporting Files */,
			);
			path = "SCMC ICU medsTests";
			sourceTree = "<group>";
		};
		018A76F01A79A588007E624B /* Supporting Files */ = {
			isa = PBXGroup;
			children = (
				018A76F11A79A588007E624B /* Info.plist */,
			);
			name = "Supporting Files";
			sourceTree = "<group>";
		};
/* End PBXGroup section */

/* Begin PBXNativeTarget section */
		018A76D61A79A588007E624B /* SCMC ICU meds */ = {
			isa = PBXNativeTarget;
			buildConfigurationList = 018A76F61A79A588007E624B /* Build configuration list for PBXNativeTarget "SCMC ICU meds" */;
			buildPhases = (
				018A76D31A79A588007E624B /* Sources */,
				018A76D41A79A588007E624B /* Frameworks */,
				018A76D51A79A588007E624B /* Resources */,
			);
			buildRules = (
			);
			dependencies = (
			);
			name = "SCMC ICU meds";
			productName = "SCMC ICU meds";
			productReference = 018A76D71A79A588007E624B /* SCMC ICU meds.app */;
			productType = "com.apple.product-type.application";
		};
		018A76EB1A79A588007E624B /* SCMC ICU medsTests */ = {
			isa = PBXNativeTarget;
			buildConfigurationList = 018A76F91A79A588007E624B /* Build configuration list for PBXNativeTarget "SCMC ICU medsTests" */;
			buildPhases = (
				018A76E81A79A588007E624B /* Sources */,
				018A76E91A79A588007E624B /* Frameworks */,
				018A76EA1A79A588007E624B /* Resources */,
			);
			buildRules = (
			);
			dependencies = (
				018A76EE1A79A588007E624B /* PBXTargetDependency */,
			);
			name = "SCMC ICU medsTests";
			productName = "SCMC ICU medsTests";
			productReference = 018A76EC1A79A588007E624B /* SCMC ICU medsTests.xctest */;
			productType = "com.apple.product-type.bundle.unit-test";
		};
/* End PBXNativeTarget section */

/* Begin PBXProject section */
		018A76CF1A79A588007E624B /* Project object */ = {
			isa = PBXProject;
			attributes = {
				LastSwiftMigration = 0710;
				LastSwiftUpdateCheck = 0700;
				LastUpgradeCheck = 0700;
				ORGANIZATIONNAME = "Rod Elliott-Mullens";
				TargetAttributes = {
					018A76D61A79A588007E624B = {
						CreatedOnToolsVersion = 6.1.1;
						DevelopmentTeam = 57XC6Y3386;
					};
					018A76EB1A79A588007E624B = {
						CreatedOnToolsVersion = 6.1.1;
						TestTargetID = 018A76D61A79A588007E624B;
					};
				};
			};
			buildConfigurationList = 018A76D21A79A588007E624B /* Build configuration list for PBXProject "SCMC ICU meds" */;
			compatibilityVersion = "Xcode 3.2";
			developmentRegion = English;
			hasScannedForEncodings = 0;
			knownRegions = (
				en,
				Base,
			);
			mainGroup = 018A76CE1A79A588007E624B;
			productRefGroup = 018A76D81A79A588007E624B /* Products */;
			projectDirPath = "";
			projectRoot = "";
			targets = (
				018A76D61A79A588007E624B /* SCMC ICU meds */,
				018A76EB1A79A588007E624B /* SCMC ICU medsTests */,
			);
		};
/* End PBXProject section */

/* Begin PBXResourcesBuildPhase section */
		018A76D51A79A588007E624B /* Resources */ = {
			isa = PBXResourcesBuildPhase;
			buildActionMask = 2147483647;
			files = (
				01B326191A841A2800FE6D1C /* thickLine@2x.png in Resources */,
				018A76E21A79A588007E624B /* Main.storyboard in Resources */,
				018A76E71A79A588007E624B /* LaunchScreen.xib in Resources */,
				018A76E41A79A588007E624B /* Images.xcassets in Resources */,
				015318A91B698FDE00EE8D73 /* 275locationsBend2.png in Resources */,
			);
			runOnlyForDeploymentPostprocessing = 0;
		};
		018A76EA1A79A588007E624B /* Resources */ = {
			isa = PBXResourcesBuildPhase;
			buildActionMask = 2147483647;
			files = (
			);
			runOnlyForDeploymentPostprocessing = 0;
		};
/* End PBXResourcesBuildPhase section */

/* Begin PBXSourcesBuildPhase section */
		018A76D31A79A588007E624B /* Sources */ = {
			isa = PBXSourcesBuildPhase;
			buildActionMask = 2147483647;
			files = (
				010F0C8A1C334D9B0048F0DB /* CDNoteList.xcdatamodeld in Sources */,
				010F66441C569EE7006E82A4 /* DataManager.swift in Sources */,
				BD5F654F1B5AE96100CF0FAA /* PFMedicineViewController.swift in Sources */,
				BD5F654D1B5AE93900CF0FAA /* PFMedicineTableViewController.swift in Sources */,
				014B09981C2F5837001FE552 /* NotesTableViewController.swift in Sources */,
				BDA9240A1AD66A1E00917AA2 /* ButtonViewController.swift in Sources */,
				01320C3C1AE694B3001F25A1 /* EmailViewController.swift in Sources */,
				BD9DE2F21B4A3C570013BA9A /* PFViewController.swift in Sources */,
				BD4517281C5EA50C00D83AB8 /* PhoneNumberViewController.swift in Sources */,
				014B099A1C2F5847001FE552 /* NotesViewController.swift in Sources */,
				BD9DE2F11B4A3C570013BA9A /* PFTableViewController.swift in Sources */,
				BD45172A1C5EA70D00D83AB8 /* MedicinesTableViewCell.swift in Sources */,
				018A76DD1A79A588007E624B /* AppDelegate.swift in Sources */,
			);
			runOnlyForDeploymentPostprocessing = 0;
		};
		018A76E81A79A588007E624B /* Sources */ = {
			isa = PBXSourcesBuildPhase;
			buildActionMask = 2147483647;
			files = (
				018A76F31A79A588007E624B /* SCMC_ICU_medsTests.swift in Sources */,
			);
			runOnlyForDeploymentPostprocessing = 0;
		};
/* End PBXSourcesBuildPhase section */

/* Begin PBXTargetDependency section */
		018A76EE1A79A588007E624B /* PBXTargetDependency */ = {
			isa = PBXTargetDependency;
			target = 018A76D61A79A588007E624B /* SCMC ICU meds */;
			targetProxy = 018A76ED1A79A588007E624B /* PBXContainerItemProxy */;
		};
/* End PBXTargetDependency section */

/* Begin PBXVariantGroup section */
		018A76E01A79A588007E624B /* Main.storyboard */ = {
			isa = PBXVariantGroup;
			children = (
				018A76E11A79A588007E624B /* Base */,
			);
			name = Main.storyboard;
			sourceTree = "<group>";
		};
		018A76E51A79A588007E624B /* LaunchScreen.xib */ = {
			isa = PBXVariantGroup;
			children = (
				018A76E61A79A588007E624B /* Base */,
			);
			name = LaunchScreen.xib;
			sourceTree = "<group>";
		};
/* End PBXVariantGroup section */

/* Begin XCBuildConfiguration section */
		018A76F41A79A588007E624B /* Debug */ = {
			isa = XCBuildConfiguration;
			buildSettings = {
				ALWAYS_SEARCH_USER_PATHS = NO;
				CLANG_CXX_LANGUAGE_STANDARD = "gnu++0x";
				CLANG_CXX_LIBRARY = "libc++";
				CLANG_ENABLE_MODULES = YES;
				CLANG_ENABLE_OBJC_ARC = YES;
				CLANG_WARN_BOOL_CONVERSION = YES;
				CLANG_WARN_CONSTANT_CONVERSION = YES;
				CLANG_WARN_DIRECT_OBJC_ISA_USAGE = YES_ERROR;
				CLANG_WARN_EMPTY_BODY = YES;
				CLANG_WARN_ENUM_CONVERSION = YES;
				CLANG_WARN_INT_CONVERSION = YES;
				CLANG_WARN_OBJC_ROOT_CLASS = YES_ERROR;
				CLANG_WARN_UNREACHABLE_CODE = YES;
				CLANG_WARN__DUPLICATE_METHOD_MATCH = YES;
				"CODE_SIGN_IDENTITY[sdk=iphoneos*]" = "iPhone Developer";
				COPY_PHASE_STRIP = NO;
				ENABLE_STRICT_OBJC_MSGSEND = YES;
				ENABLE_TESTABILITY = YES;
				GCC_C_LANGUAGE_STANDARD = gnu99;
				GCC_DYNAMIC_NO_PIC = NO;
				GCC_OPTIMIZATION_LEVEL = 0;
				GCC_PREPROCESSOR_DEFINITIONS = (
					"DEBUG=1",
					"$(inherited)",
				);
				GCC_SYMBOLS_PRIVATE_EXTERN = NO;
				GCC_WARN_64_TO_32_BIT_CONVERSION = YES;
				GCC_WARN_ABOUT_RETURN_TYPE = YES_ERROR;
				GCC_WARN_UNDECLARED_SELECTOR = YES;
				GCC_WARN_UNINITIALIZED_AUTOS = YES_AGGRESSIVE;
				GCC_WARN_UNUSED_FUNCTION = YES;
				GCC_WARN_UNUSED_VARIABLE = YES;
				IPHONEOS_DEPLOYMENT_TARGET = 8.4;
				MTL_ENABLE_DEBUG_INFO = YES;
				ONLY_ACTIVE_ARCH = YES;
				SDKROOT = iphoneos;
				SWIFT_OPTIMIZATION_LEVEL = "-Onone";
				TARGETED_DEVICE_FAMILY = "1,2";
			};
			name = Debug;
		};
		018A76F51A79A588007E624B /* Release */ = {
			isa = XCBuildConfiguration;
			buildSettings = {
				ALWAYS_SEARCH_USER_PATHS = NO;
				CLANG_CXX_LANGUAGE_STANDARD = "gnu++0x";
				CLANG_CXX_LIBRARY = "libc++";
				CLANG_ENABLE_MODULES = YES;
				CLANG_ENABLE_OBJC_ARC = YES;
				CLANG_WARN_BOOL_CONVERSION = YES;
				CLANG_WARN_CONSTANT_CONVERSION = YES;
				CLANG_WARN_DIRECT_OBJC_ISA_USAGE = YES_ERROR;
				CLANG_WARN_EMPTY_BODY = YES;
				CLANG_WARN_ENUM_CONVERSION = YES;
				CLANG_WARN_INT_CONVERSION = YES;
				CLANG_WARN_OBJC_ROOT_CLASS = YES_ERROR;
				CLANG_WARN_UNREACHABLE_CODE = YES;
				CLANG_WARN__DUPLICATE_METHOD_MATCH = YES;
				"CODE_SIGN_IDENTITY[sdk=iphoneos*]" = "iPhone Developer";
				COPY_PHASE_STRIP = YES;
				ENABLE_NS_ASSERTIONS = NO;
				ENABLE_STRICT_OBJC_MSGSEND = YES;
				GCC_C_LANGUAGE_STANDARD = gnu99;
				GCC_WARN_64_TO_32_BIT_CONVERSION = YES;
				GCC_WARN_ABOUT_RETURN_TYPE = YES_ERROR;
				GCC_WARN_UNDECLARED_SELECTOR = YES;
				GCC_WARN_UNINITIALIZED_AUTOS = YES_AGGRESSIVE;
				GCC_WARN_UNUSED_FUNCTION = YES;
				GCC_WARN_UNUSED_VARIABLE = YES;
				IPHONEOS_DEPLOYMENT_TARGET = 8.4;
				MTL_ENABLE_DEBUG_INFO = NO;
				SDKROOT = iphoneos;
				TARGETED_DEVICE_FAMILY = "1,2";
				VALIDATE_PRODUCT = YES;
			};
			name = Release;
		};
		018A76F71A79A588007E624B /* Debug */ = {
			isa = XCBuildConfiguration;
			buildSettings = {
				ASSETCATALOG_COMPILER_APPICON_NAME = AppIcon;
				CODE_SIGN_IDENTITY = "iPhone Developer";
				ENABLE_BITCODE = NO;
				FRAMEWORK_SEARCH_PATHS = (
					"$(inherited)",
					"$(PROJECT_DIR)",
				);
				INFOPLIST_FILE = "SCMC ICU meds/Info.plist";
				IPHONEOS_DEPLOYMENT_TARGET = 8.4;
				LD_RUNPATH_SEARCH_PATHS = "$(inherited) @executable_path/Frameworks";
				PRODUCT_BUNDLE_IDENTIFIER = "DNR.$(PRODUCT_NAME:rfc1034identifier)";
				PRODUCT_NAME = "$(TARGET_NAME)";
				TARGETED_DEVICE_FAMILY = 1;
			};
			name = Debug;
		};
		018A76F81A79A588007E624B /* Release */ = {
			isa = XCBuildConfiguration;
			buildSettings = {
				ASSETCATALOG_COMPILER_APPICON_NAME = AppIcon;
				CODE_SIGN_IDENTITY = "iPhone Developer";
				ENABLE_BITCODE = NO;
				FRAMEWORK_SEARCH_PATHS = (
					"$(inherited)",
					"$(PROJECT_DIR)",
				);
				INFOPLIST_FILE = "SCMC ICU meds/Info.plist";
				IPHONEOS_DEPLOYMENT_TARGET = 8.4;
				LD_RUNPATH_SEARCH_PATHS = "$(inherited) @executable_path/Frameworks";
				PRODUCT_BUNDLE_IDENTIFIER = "DNR.$(PRODUCT_NAME:rfc1034identifier)";
				PRODUCT_NAME = "$(TARGET_NAME)";
				TARGETED_DEVICE_FAMILY = 1;
			};
			name = Release;
		};
		018A76FA1A79A588007E624B /* Debug */ = {
			isa = XCBuildConfiguration;
			buildSettings = {
				BUNDLE_LOADER = "$(TEST_HOST)";
				FRAMEWORK_SEARCH_PATHS = (
					"$(SDKROOT)/Developer/Library/Frameworks",
					"$(inherited)",
				);
				GCC_PREPROCESSOR_DEFINITIONS = (
					"DEBUG=1",
					"$(inherited)",
				);
				INFOPLIST_FILE = "SCMC ICU medsTests/Info.plist";
				LD_RUNPATH_SEARCH_PATHS = "$(inherited) @executable_path/Frameworks @loader_path/Frameworks";
				PRODUCT_BUNDLE_IDENTIFIER = "DNR.$(PRODUCT_NAME:rfc1034identifier)";
				PRODUCT_NAME = "$(TARGET_NAME)";
				TEST_HOST = "$(BUILT_PRODUCTS_DIR)/SCMC ICU meds.app/SCMC ICU meds";
			};
			name = Debug;
		};
		018A76FB1A79A588007E624B /* Release */ = {
			isa = XCBuildConfiguration;
			buildSettings = {
				BUNDLE_LOADER = "$(TEST_HOST)";
				FRAMEWORK_SEARCH_PATHS = (
					"$(SDKROOT)/Developer/Library/Frameworks",
					"$(inherited)",
				);
				INFOPLIST_FILE = "SCMC ICU medsTests/Info.plist";
				LD_RUNPATH_SEARCH_PATHS = "$(inherited) @executable_path/Frameworks @loader_path/Frameworks";
				PRODUCT_BUNDLE_IDENTIFIER = "DNR.$(PRODUCT_NAME:rfc1034identifier)";
				PRODUCT_NAME = "$(TARGET_NAME)";
				TEST_HOST = "$(BUILT_PRODUCTS_DIR)/SCMC ICU meds.app/SCMC ICU meds";
			};
			name = Release;
		};
/* End XCBuildConfiguration section */

/* Begin XCConfigurationList section */
		018A76D21A79A588007E624B /* Build configuration list for PBXProject "SCMC ICU meds" */ = {
			isa = XCConfigurationList;
			buildConfigurations = (
				018A76F41A79A588007E624B /* Debug */,
				018A76F51A79A588007E624B /* Release */,
			);
			defaultConfigurationIsVisible = 0;
			defaultConfigurationName = Release;
		};
		018A76F61A79A588007E624B /* Build configuration list for PBXNativeTarget "SCMC ICU meds" */ = {
			isa = XCConfigurationList;
			buildConfigurations = (
				018A76F71A79A588007E624B /* Debug */,
				018A76F81A79A588007E624B /* Release */,
			);
			defaultConfigurationIsVisible = 0;
			defaultConfigurationName = Release;
		};
		018A76F91A79A588007E624B /* Build configuration list for PBXNativeTarget "SCMC ICU medsTests" */ = {
			isa = XCConfigurationList;
			buildConfigurations = (
				018A76FA1A79A588007E624B /* Debug */,
				018A76FB1A79A588007E624B /* Release */,
			);
			defaultConfigurationIsVisible = 0;
			defaultConfigurationName = Release;
		};
/* End XCConfigurationList section */

/* Begin XCVersionGroup section */
		010F0C881C334D9B0048F0DB /* CDNoteList.xcdatamodeld */ = {
			isa = XCVersionGroup;
			children = (
				010F0C891C334D9B0048F0DB /* CDNoteList.xcdatamodel */,
			);
			currentVersion = 010F0C891C334D9B0048F0DB /* CDNoteList.xcdatamodel */;
			path = CDNoteList.xcdatamodeld;
			sourceTree = "<group>";
			versionGroupType = wrapper.xcdatamodel;
		};
/* End XCVersionGroup section */
	};
	rootObject = 018A76CF1A79A588007E624B /* Project object */;
}
